// !$*UTF8*$!
{
	archiveVersion = 1;
	classes = {
	};
	objectVersion = 46;
	objects = {

/* Begin PBXBuildFile section */
		3CDA1BD618C198A100AA00C7 /* Foundation.framework in Frameworks */ = {isa = PBXBuildFile; fileRef = 3CDA1BD518C198A100AA00C7 /* Foundation.framework */; };
		3CDA1C1A18C198C500AA00C7 /* libAppCanEngine_IOS.a in Frameworks */ = {isa = PBXBuildFile; fileRef = 3CDA1C1918C198C500AA00C7 /* libAppCanEngine_IOS.a */; };
		3CDA1C1C18C1991900AA00C7 /* libsqlite3.dylib in Frameworks */ = {isa = PBXBuildFile; fileRef = 3CDA1C1B18C1991900AA00C7 /* libsqlite3.dylib */; };
		3CDA1C1E18C1991E00AA00C7 /* libz.dylib in Frameworks */ = {isa = PBXBuildFile; fileRef = 3CDA1C1D18C1991E00AA00C7 /* libz.dylib */; };
		3CDA1C2018C1992400AA00C7 /* SystemConfiguration.framework in Frameworks */ = {isa = PBXBuildFile; fileRef = 3CDA1C1F18C1992400AA00C7 /* SystemConfiguration.framework */; };
		3CDA1C2218C1992900AA00C7 /* MobileCoreServices.framework in Frameworks */ = {isa = PBXBuildFile; fileRef = 3CDA1C2118C1992900AA00C7 /* MobileCoreServices.framework */; };
		3CDA1C2418C1992E00AA00C7 /* CoreTelephony.framework in Frameworks */ = {isa = PBXBuildFile; fileRef = 3CDA1C2318C1992E00AA00C7 /* CoreTelephony.framework */; };
		3CDA1C2618C1993300AA00C7 /* MapKit.framework in Frameworks */ = {isa = PBXBuildFile; fileRef = 3CDA1C2518C1993300AA00C7 /* MapKit.framework */; };
		3CDA1C2818C1993900AA00C7 /* AudioToolbox.framework in Frameworks */ = {isa = PBXBuildFile; fileRef = 3CDA1C2718C1993900AA00C7 /* AudioToolbox.framework */; };
		3CDA1C4218C1996500AA00C7 /* EUExTimeMachine.m in Sources */ = {isa = PBXBuildFile; fileRef = 3CDA1C2F18C1996500AA00C7 /* EUExTimeMachine.m */; };
		3CDA1C4518C1996500AA00C7 /* StyledPageControl_T.m in Sources */ = {isa = PBXBuildFile; fileRef = 3CDA1C3F18C1996500AA00C7 /* StyledPageControl_T.m */; };
		3CDA1C4618C1996500AA00C7 /* UIContainsiCarouselView.m in Sources */ = {isa = PBXBuildFile; fileRef = 3CDA1C4118C1996500AA00C7 /* UIContainsiCarouselView.m */; };
		A071C5C5190A728300C0F13D /* ReflectionView_T.m in Sources */ = {isa = PBXBuildFile; fileRef = A071C5C4190A728300C0F13D /* ReflectionView_T.m */; };
		FC8A53E118FFDFC800B21DE5 /* iCarousel_TimeMachine.m in Sources */ = {isa = PBXBuildFile; fileRef = FC8A53E018FFDFC800B21DE5 /* iCarousel_TimeMachine.m */; };
/* End PBXBuildFile section */

/* Begin PBXCopyFilesBuildPhase section */
		3CDA1BD018C198A100AA00C7 /* CopyFiles */ = {
			isa = PBXCopyFilesBuildPhase;
			buildActionMask = 2147483647;
			dstPath = "include/$(PRODUCT_NAME)";
			dstSubfolderSpec = 16;
			files = (
			);
			runOnlyForDeploymentPostprocessing = 0;
		};
/* End PBXCopyFilesBuildPhase section */

/* Begin PBXFileReference section */
		3CDA1BD218C198A100AA00C7 /* uexTimeMachine.dylib */ = {isa = PBXFileReference; explicitFileType = "compiled.mach-o.dylib"; includeInIndex = 0; path = uexTimeMachine.dylib; sourceTree = BUILT_PRODUCTS_DIR; };
		3CDA1BD518C198A100AA00C7 /* Foundation.framework */ = {isa = PBXFileReference; lastKnownFileType = wrapper.framework; name = Foundation.framework; path = System/Library/Frameworks/Foundation.framework; sourceTree = SDKROOT; };
		3CDA1C1918C198C500AA00C7 /* libAppCanEngine_IOS.a */ = {isa = PBXFileReference; lastKnownFileType = archive.ar; name = libAppCanEngine_IOS.a; path = ../libAppCanEngine_IOS.a; sourceTree = "<group>"; };
		3CDA1C1B18C1991900AA00C7 /* libsqlite3.dylib */ = {isa = PBXFileReference; lastKnownFileType = "compiled.mach-o.dylib"; name = libsqlite3.dylib; path = usr/lib/libsqlite3.dylib; sourceTree = SDKROOT; };
		3CDA1C1D18C1991E00AA00C7 /* libz.dylib */ = {isa = PBXFileReference; lastKnownFileType = "compiled.mach-o.dylib"; name = libz.dylib; path = usr/lib/libz.dylib; sourceTree = SDKROOT; };
		3CDA1C1F18C1992400AA00C7 /* SystemConfiguration.framework */ = {isa = PBXFileReference; lastKnownFileType = wrapper.framework; name = SystemConfiguration.framework; path = System/Library/Frameworks/SystemConfiguration.framework; sourceTree = SDKROOT; };
		3CDA1C2118C1992900AA00C7 /* MobileCoreServices.framework */ = {isa = PBXFileReference; lastKnownFileType = wrapper.framework; name = MobileCoreServices.framework; path = System/Library/Frameworks/MobileCoreServices.framework; sourceTree = SDKROOT; };
		3CDA1C2318C1992E00AA00C7 /* CoreTelephony.framework */ = {isa = PBXFileReference; lastKnownFileType = wrapper.framework; name = CoreTelephony.framework; path = System/Library/Frameworks/CoreTelephony.framework; sourceTree = SDKROOT; };
		3CDA1C2518C1993300AA00C7 /* MapKit.framework */ = {isa = PBXFileReference; lastKnownFileType = wrapper.framework; name = MapKit.framework; path = System/Library/Frameworks/MapKit.framework; sourceTree = SDKROOT; };
		3CDA1C2718C1993900AA00C7 /* AudioToolbox.framework */ = {isa = PBXFileReference; lastKnownFileType = wrapper.framework; name = AudioToolbox.framework; path = System/Library/Frameworks/AudioToolbox.framework; sourceTree = SDKROOT; };
		3CDA1C2A18C1996500AA00C7 /* EUExBase.h */ = {isa = PBXFileReference; fileEncoding = 4; lastKnownFileType = sourcecode.c.h; path = EUExBase.h; sourceTree = "<group>"; };
		3CDA1C2B18C1996500AA00C7 /* EUExBaseDefine.h */ = {isa = PBXFileReference; fileEncoding = 4; lastKnownFileType = sourcecode.c.h; path = EUExBaseDefine.h; sourceTree = "<group>"; };
		3CDA1C2C18C1996500AA00C7 /* EUtility.h */ = {isa = PBXFileReference; fileEncoding = 4; lastKnownFileType = sourcecode.c.h; path = EUtility.h; sourceTree = "<group>"; };
		3CDA1C2D18C1996500AA00C7 /* EUExTimeMachine-Prefix.pch */ = {isa = PBXFileReference; fileEncoding = 4; lastKnownFileType = sourcecode.c.h; name = "EUExTimeMachine-Prefix.pch"; path = "EUExTimeMachine/EUExTimeMachine-Prefix.pch"; sourceTree = SOURCE_ROOT; };
		3CDA1C2E18C1996500AA00C7 /* EUExTimeMachine.h */ = {isa = PBXFileReference; fileEncoding = 4; lastKnownFileType = sourcecode.c.h; name = EUExTimeMachine.h; path = EUExTimeMachine/EUExTimeMachine.h; sourceTree = SOURCE_ROOT; };
		3CDA1C2F18C1996500AA00C7 /* EUExTimeMachine.m */ = {isa = PBXFileReference; fileEncoding = 4; lastKnownFileType = sourcecode.c.objc; name = EUExTimeMachine.m; path = EUExTimeMachine/EUExTimeMachine.m; sourceTree = SOURCE_ROOT; };
		3CDA1C3418C1996500AA00C7 /* JSON.h */ = {isa = PBXFileReference; fileEncoding = 4; lastKnownFileType = sourcecode.c.h; path = JSON.h; sourceTree = "<group>"; };
		3CDA1C3518C1996500AA00C7 /* NSObject+SBJSON.h */ = {isa = PBXFileReference; fileEncoding = 4; lastKnownFileType = sourcecode.c.h; path = "NSObject+SBJSON.h"; sourceTree = "<group>"; };
		3CDA1C3618C1996500AA00C7 /* NSString+SBJSON.h */ = {isa = PBXFileReference; fileEncoding = 4; lastKnownFileType = sourcecode.c.h; path = "NSString+SBJSON.h"; sourceTree = "<group>"; };
		3CDA1C3718C1996500AA00C7 /* SBJSON.h */ = {isa = PBXFileReference; fileEncoding = 4; lastKnownFileType = sourcecode.c.h; path = SBJSON.h; sourceTree = "<group>"; };
		3CDA1C3818C1996500AA00C7 /* SBJsonBase.h */ = {isa = PBXFileReference; fileEncoding = 4; lastKnownFileType = sourcecode.c.h; path = SBJsonBase.h; sourceTree = "<group>"; };
		3CDA1C3918C1996500AA00C7 /* SBJsonParser.h */ = {isa = PBXFileReference; fileEncoding = 4; lastKnownFileType = sourcecode.c.h; path = SBJsonParser.h; sourceTree = "<group>"; };
		3CDA1C3A18C1996500AA00C7 /* SBJsonWriter.h */ = {isa = PBXFileReference; fileEncoding = 4; lastKnownFileType = sourcecode.c.h; path = SBJsonWriter.h; sourceTree = "<group>"; };
		3CDA1C3E18C1996500AA00C7 /* StyledPageControl_T.h */ = {isa = PBXFileReference; fileEncoding = 4; lastKnownFileType = sourcecode.c.h; path = StyledPageControl_T.h; sourceTree = "<group>"; };
		3CDA1C3F18C1996500AA00C7 /* StyledPageControl_T.m */ = {isa = PBXFileReference; fileEncoding = 4; lastKnownFileType = sourcecode.c.objc; path = StyledPageControl_T.m; sourceTree = "<group>"; };
		3CDA1C4018C1996500AA00C7 /* UIContainsiCarouselView.h */ = {isa = PBXFileReference; fileEncoding = 4; lastKnownFileType = sourcecode.c.h; path = UIContainsiCarouselView.h; sourceTree = "<group>"; };
		3CDA1C4118C1996500AA00C7 /* UIContainsiCarouselView.m */ = {isa = PBXFileReference; fileEncoding = 4; lastKnownFileType = sourcecode.c.objc; path = UIContainsiCarouselView.m; sourceTree = "<group>"; };
		A071C5C3190A728300C0F13D /* ReflectionView_T.h */ = {isa = PBXFileReference; fileEncoding = 4; lastKnownFileType = sourcecode.c.h; path = ReflectionView_T.h; sourceTree = "<group>"; };
		A071C5C4190A728300C0F13D /* ReflectionView_T.m */ = {isa = PBXFileReference; fileEncoding = 4; lastKnownFileType = sourcecode.c.objc; path = ReflectionView_T.m; sourceTree = "<group>"; };
		FC8A53DF18FFDFC800B21DE5 /* iCarousel_TimeMachine.h */ = {isa = PBXFileReference; fileEncoding = 4; lastKnownFileType = sourcecode.c.h; path = iCarousel_TimeMachine.h; sourceTree = "<group>"; };
		FC8A53E018FFDFC800B21DE5 /* iCarousel_TimeMachine.m */ = {isa = PBXFileReference; fileEncoding = 4; lastKnownFileType = sourcecode.c.objc; path = iCarousel_TimeMachine.m; sourceTree = "<group>"; };
/* End PBXFileReference section */

/* Begin PBXFrameworksBuildPhase section */
		3CDA1BCF18C198A100AA00C7 /* Frameworks */ = {
			isa = PBXFrameworksBuildPhase;
			buildActionMask = 2147483647;
			files = (
				3CDA1C2818C1993900AA00C7 /* AudioToolbox.framework in Frameworks */,
				3CDA1C2618C1993300AA00C7 /* MapKit.framework in Frameworks */,
				3CDA1C2418C1992E00AA00C7 /* CoreTelephony.framework in Frameworks */,
				3CDA1C2218C1992900AA00C7 /* MobileCoreServices.framework in Frameworks */,
				3CDA1C2018C1992400AA00C7 /* SystemConfiguration.framework in Frameworks */,
				3CDA1C1E18C1991E00AA00C7 /* libz.dylib in Frameworks */,
				3CDA1C1C18C1991900AA00C7 /* libsqlite3.dylib in Frameworks */,
				3CDA1C1A18C198C500AA00C7 /* libAppCanEngine_IOS.a in Frameworks */,
				3CDA1BD618C198A100AA00C7 /* Foundation.framework in Frameworks */,
			);
			runOnlyForDeploymentPostprocessing = 0;
		};
/* End PBXFrameworksBuildPhase section */

/* Begin PBXGroup section */
		3CDA1BC918C198A100AA00C7 = {
			isa = PBXGroup;
			children = (
				3CDA1BD718C198A100AA00C7 /* uexTimeMachine */,
				3CDA1BD418C198A100AA00C7 /* Frameworks */,
				3CDA1BD318C198A100AA00C7 /* Products */,
			);
			sourceTree = "<group>";
		};
		3CDA1BD318C198A100AA00C7 /* Products */ = {
			isa = PBXGroup;
			children = (
				3CDA1BD218C198A100AA00C7 /* uexTimeMachine.dylib */,
			);
			name = Products;
			sourceTree = "<group>";
		};
		3CDA1BD418C198A100AA00C7 /* Frameworks */ = {
			isa = PBXGroup;
			children = (
				3CDA1C2718C1993900AA00C7 /* AudioToolbox.framework */,
				3CDA1C2518C1993300AA00C7 /* MapKit.framework */,
				3CDA1C2318C1992E00AA00C7 /* CoreTelephony.framework */,
				3CDA1C2118C1992900AA00C7 /* MobileCoreServices.framework */,
				3CDA1C1F18C1992400AA00C7 /* SystemConfiguration.framework */,
				3CDA1C1D18C1991E00AA00C7 /* libz.dylib */,
				3CDA1C1B18C1991900AA00C7 /* libsqlite3.dylib */,
				3CDA1C1918C198C500AA00C7 /* libAppCanEngine_IOS.a */,
				3CDA1BD518C198A100AA00C7 /* Foundation.framework */,
			);
			name = Frameworks;
			sourceTree = "<group>";
		};
		3CDA1BD718C198A100AA00C7 /* uexTimeMachine */ = {
			isa = PBXGroup;
			children = (
				3CDA1C2918C1996500AA00C7 /* engineHeader */,
				3CDA1C2D18C1996500AA00C7 /* EUExTimeMachine-Prefix.pch */,
				3CDA1C2E18C1996500AA00C7 /* EUExTimeMachine.h */,
				3CDA1C2F18C1996500AA00C7 /* EUExTimeMachine.m */,
				3CDA1C3018C1996500AA00C7 /* soureCode */,
			);
			path = uexTimeMachine;
			sourceTree = "<group>";
		};
		3CDA1C2918C1996500AA00C7 /* engineHeader */ = {
			isa = PBXGroup;
			children = (
				3CDA1C2A18C1996500AA00C7 /* EUExBase.h */,
				3CDA1C2B18C1996500AA00C7 /* EUExBaseDefine.h */,
				3CDA1C2C18C1996500AA00C7 /* EUtility.h */,
			);
			name = engineHeader;
			path = EUExTimeMachine/engineHeader;
			sourceTree = SOURCE_ROOT;
		};
		3CDA1C3018C1996500AA00C7 /* soureCode */ = {
			isa = PBXGroup;
			children = (
				FC8A53DF18FFDFC800B21DE5 /* iCarousel_TimeMachine.h */,
				FC8A53E018FFDFC800B21DE5 /* iCarousel_TimeMachine.m */,
				3CDA1C3318C1996500AA00C7 /* JSON */,
				3CDA1C3B18C1996500AA00C7 /* ReflectionView */,
				3CDA1C3E18C1996500AA00C7 /* StyledPageControl_T.h */,
				3CDA1C3F18C1996500AA00C7 /* StyledPageControl_T.m */,
				3CDA1C4018C1996500AA00C7 /* UIContainsiCarouselView.h */,
				3CDA1C4118C1996500AA00C7 /* UIContainsiCarouselView.m */,
			);
			name = soureCode;
			path = EUExTimeMachine/soureCode;
			sourceTree = SOURCE_ROOT;
		};
		3CDA1C3318C1996500AA00C7 /* JSON */ = {
			isa = PBXGroup;
			children = (
				3CDA1C3418C1996500AA00C7 /* JSON.h */,
				3CDA1C3518C1996500AA00C7 /* NSObject+SBJSON.h */,
				3CDA1C3618C1996500AA00C7 /* NSString+SBJSON.h */,
				3CDA1C3718C1996500AA00C7 /* SBJSON.h */,
				3CDA1C3818C1996500AA00C7 /* SBJsonBase.h */,
				3CDA1C3918C1996500AA00C7 /* SBJsonParser.h */,
				3CDA1C3A18C1996500AA00C7 /* SBJsonWriter.h */,
			);
			path = JSON;
			sourceTree = "<group>";
		};
		3CDA1C3B18C1996500AA00C7 /* ReflectionView */ = {
			isa = PBXGroup;
			children = (
				A071C5C3190A728300C0F13D /* ReflectionView_T.h */,
				A071C5C4190A728300C0F13D /* ReflectionView_T.m */,
			);
			path = ReflectionView;
			sourceTree = "<group>";
		};
/* End PBXGroup section */

/* Begin PBXNativeTarget section */
		3CDA1BD118C198A100AA00C7 /* uexTimeMachine */ = {
			isa = PBXNativeTarget;
			buildConfigurationList = 3CDA1BF518C198A100AA00C7 /* Build configuration list for PBXNativeTarget "uexTimeMachine" */;
			buildPhases = (
				3CDA1BCE18C198A100AA00C7 /* Sources */,
				3CDA1BCF18C198A100AA00C7 /* Frameworks */,
				3CDA1BD018C198A100AA00C7 /* CopyFiles */,
			);
			buildRules = (
			);
			dependencies = (
			);
			name = uexTimeMachine;
			productName = uexTimeMachine;
			productReference = 3CDA1BD218C198A100AA00C7 /* uexTimeMachine.dylib */;
			productType = "com.apple.product-type.library.dynamic";
		};
/* End PBXNativeTarget section */

/* Begin PBXProject section */
		3CDA1BCA18C198A100AA00C7 /* Project object */ = {
			isa = PBXProject;
			attributes = {
				LastUpgradeCheck = 0500;
				ORGANIZATIONNAME = demo;
			};
			buildConfigurationList = 3CDA1BCD18C198A100AA00C7 /* Build configuration list for PBXProject "uexTimeMachine" */;
			compatibilityVersion = "Xcode 3.2";
			developmentRegion = English;
			hasScannedForEncodings = 0;
			knownRegions = (
				en,
			);
			mainGroup = 3CDA1BC918C198A100AA00C7;
			productRefGroup = 3CDA1BD318C198A100AA00C7 /* Products */;
			projectDirPath = "";
			projectRoot = "";
			targets = (
				3CDA1BD118C198A100AA00C7 /* uexTimeMachine */,
			);
		};
/* End PBXProject section */

/* Begin PBXSourcesBuildPhase section */
		3CDA1BCE18C198A100AA00C7 /* Sources */ = {
			isa = PBXSourcesBuildPhase;
			buildActionMask = 2147483647;
			files = (
				3CDA1C4218C1996500AA00C7 /* EUExTimeMachine.m in Sources */,
				3CDA1C4518C1996500AA00C7 /* StyledPageControl_T.m in Sources */,
				FC8A53E118FFDFC800B21DE5 /* iCarousel_TimeMachine.m in Sources */,
				3CDA1C4618C1996500AA00C7 /* UIContainsiCarouselView.m in Sources */,
				A071C5C5190A728300C0F13D /* ReflectionView_T.m in Sources */,
			);
			runOnlyForDeploymentPostprocessing = 0;
		};
/* End PBXSourcesBuildPhase section */

/* Begin XCBuildConfiguration section */
		3CDA1BF318C198A100AA00C7 /* Debug */ = {
			isa = XCBuildConfiguration;
			buildSettings = {
				ALWAYS_SEARCH_USER_PATHS = NO;
				ARCHS = "$(ARCHS_STANDARD)";
				CLANG_CXX_LANGUAGE_STANDARD = "gnu++0x";
				CLANG_CXX_LIBRARY = "libc++";
				CLANG_ENABLE_MODULES = YES;
				CLANG_ENABLE_OBJC_ARC = YES;
				CLANG_WARN_BOOL_CONVERSION = YES;
				CLANG_WARN_CONSTANT_CONVERSION = YES;
				CLANG_WARN_DIRECT_OBJC_ISA_USAGE = YES_ERROR;
				CLANG_WARN_EMPTY_BODY = YES;
				CLANG_WARN_ENUM_CONVERSION = YES;
				CLANG_WARN_INT_CONVERSION = YES;
				CLANG_WARN_OBJC_ROOT_CLASS = YES_ERROR;
				CLANG_WARN__DUPLICATE_METHOD_MATCH = YES;
				CODE_SIGN_IDENTITY = "iPhone Distribution: Zhengyi Wireless(Beijing) Technology Co., Ltd.";
				CONFIGURATION_BUILD_DIR = "$(SRCROOT)/uexTimeMachine/";
				COPY_PHASE_STRIP = NO;
				DEBUG_INFORMATION_FORMAT = dwarf;
				GCC_C_LANGUAGE_STANDARD = gnu99;
				GCC_DYNAMIC_NO_PIC = NO;
				GCC_OPTIMIZATION_LEVEL = 0;
				GCC_PREPROCESSOR_DEFINITIONS = (
					"DEBUG=1",
					"$(inherited)",
				);
				GCC_SYMBOLS_PRIVATE_EXTERN = NO;
				GCC_WARN_64_TO_32_BIT_CONVERSION = YES;
				GCC_WARN_ABOUT_RETURN_TYPE = YES_ERROR;
				GCC_WARN_UNDECLARED_SELECTOR = YES;
				GCC_WARN_UNINITIALIZED_AUTOS = YES;
				GCC_WARN_UNUSED_FUNCTION = YES;
				GCC_WARN_UNUSED_VARIABLE = YES;
				IPHONEOS_DEPLOYMENT_TARGET = 4.3;
				ONLY_ACTIVE_ARCH = NO;
				SDKROOT = iphoneos;
				VALID_ARCHS = "armv7 armv7s";
			};
			name = Debug;
		};
		3CDA1BF418C198A100AA00C7 /* Release */ = {
			isa = XCBuildConfiguration;
			buildSettings = {
				ALWAYS_SEARCH_USER_PATHS = NO;
				ARCHS = "$(ARCHS_STANDARD)";
				CLANG_CXX_LANGUAGE_STANDARD = "gnu++0x";
				CLANG_CXX_LIBRARY = "libc++";
				CLANG_ENABLE_MODULES = YES;
				CLANG_ENABLE_OBJC_ARC = YES;
				CLANG_WARN_BOOL_CONVERSION = YES;
				CLANG_WARN_CONSTANT_CONVERSION = YES;
				CLANG_WARN_DIRECT_OBJC_ISA_USAGE = YES_ERROR;
				CLANG_WARN_EMPTY_BODY = YES;
				CLANG_WARN_ENUM_CONVERSION = YES;
				CLANG_WARN_INT_CONVERSION = YES;
				CLANG_WARN_OBJC_ROOT_CLASS = YES_ERROR;
				CLANG_WARN__DUPLICATE_METHOD_MATCH = YES;
				CODE_SIGN_IDENTITY = "iPhone Distribution: Zhengyi Wireless(Beijing) Technology Co., Ltd.";
				CONFIGURATION_BUILD_DIR = "$(SRCROOT)/uexTimeMachine/";
				COPY_PHASE_STRIP = YES;
				DEBUG_INFORMATION_FORMAT = dwarf;
				ENABLE_NS_ASSERTIONS = NO;
				GCC_C_LANGUAGE_STANDARD = gnu99;
				GCC_WARN_64_TO_32_BIT_CONVERSION = YES;
				GCC_WARN_ABOUT_RETURN_TYPE = YES_ERROR;
				GCC_WARN_UNDECLARED_SELECTOR = YES;
				GCC_WARN_UNINITIALIZED_AUTOS = YES;
				GCC_WARN_UNUSED_FUNCTION = YES;
				GCC_WARN_UNUSED_VARIABLE = YES;
				IPHONEOS_DEPLOYMENT_TARGET = 4.3;
				SDKROOT = iphoneos;
				VALIDATE_PRODUCT = YES;
				VALID_ARCHS = "armv7 armv7s";
			};
			name = Release;
		};
		3CDA1BF618C198A100AA00C7 /* Debug */ = {
			isa = XCBuildConfiguration;
			buildSettings = {
				ARCHS = "$(ARCHS_STANDARD)";
				CLANG_ENABLE_OBJC_ARC = NO;
				CODE_SIGN_IDENTITY = "iPhone Developer: Wang GuoChun (GJL3LN9D59)";
				DSTROOT = /tmp/uexTimeMachine.dst;
				GCC_PRECOMPILE_PREFIX_HEADER = YES;
				GCC_PREFIX_HEADER = "EUExTimeMachine/EUExTimeMachine-Prefix.pch";
				LIBRARY_SEARCH_PATHS = (
					"$(inherited)",
					"$(SRCROOT)/../",
				);
				OTHER_LDFLAGS = "-ObjC";
				PRODUCT_NAME = "$(TARGET_NAME)";
				SKIP_INSTALL = YES;
			};
			name = Debug;
		};
		3CDA1BF718C198A100AA00C7 /* Release */ = {
			isa = XCBuildConfiguration;
			buildSettings = {
				ARCHS = "$(ARCHS_STANDARD)";
				CLANG_ENABLE_OBJC_ARC = NO;
				CODE_SIGN_IDENTITY = "iPhone Developer: Wang GuoChun (GJL3LN9D59)";
				DSTROOT = /tmp/uexTimeMachine.dst;
				GCC_PRECOMPILE_PREFIX_HEADER = YES;
				GCC_PREFIX_HEADER = "EUExTimeMachine/EUExTimeMachine-Prefix.pch";
				LIBRARY_SEARCH_PATHS = (
					"$(inherited)",
					"$(SRCROOT)/../",
				);
				OTHER_LDFLAGS = "-ObjC";
				PRODUCT_NAME = "$(TARGET_NAME)";
				SKIP_INSTALL = YES;
			};
			name = Release;
		};
/* End XCBuildConfiguration section */

/* Begin XCConfigurationList section */
		3CDA1BCD18C198A100AA00C7 /* Build configuration list for PBXProject "uexTimeMachine" */ = {
			isa = XCConfigurationList;
			buildConfigurations = (
				3CDA1BF318C198A100AA00C7 /* Debug */,
				3CDA1BF418C198A100AA00C7 /* Release */,
			);
			defaultConfigurationIsVisible = 0;
			defaultConfigurationName = Release;
		};
		3CDA1BF518C198A100AA00C7 /* Build configuration list for PBXNativeTarget "uexTimeMachine" */ = {
			isa = XCConfigurationList;
			buildConfigurations = (
				3CDA1BF618C198A100AA00C7 /* Debug */,
				3CDA1BF718C198A100AA00C7 /* Release */,
			);
			defaultConfigurationIsVisible = 0;
			defaultConfigurationName = Release;
		};
/* End XCConfigurationList section */
	};
	rootObject = 3CDA1BCA18C198A100AA00C7 /* Project object */;
}
